
Microsoft Visual Studio Solution File, Format Version 12.00
# Visual Studio 15
VisualStudioVersion = 15.0.28307.329
MinimumVisualStudioVersion = 10.0.40219.1
Project("{FAE04EC0-301F-11D3-BF4B-00C04F79EFBC}") = "MultithreadingInCSharp", "MultithreadingInCSharp\MultithreadingInCSharp.csproj", "{EAC6CC11-060D-469B-B54F-59F9359A47E4}"
EndProject
Global
	GlobalSection(SolutionConfigurationPlatforms) = preSolution
		Debug|Any CPU = Debug|Any CPU
		Release|Any CPU = Release|Any CPU
	EndGlobalSection
	GlobalSection(ProjectConfigurationPlatforms) = postSolution
		{EAC6CC11-060D-469B-B54F-59F9359A47E4}.Debug|Any CPU.ActiveCfg = Debug|Any CPU
		{EAC6CC11-060D-469B-B54F-59F9359A47E4}.Debug|Any CPU.Build.0 = Debug|Any CPU
		{EAC6CC11-060D-469B-B54F-59F9359A47E4}.Release|Any CPU.ActiveCfg = Release|Any CPU
		{EAC6CC11-060D-469B-B54F-59F9359A47E4}.Release|Any CPU.Build.0 = Release|Any CPU
	EndGlobalSection
	GlobalSection(SolutionProperties) = preSolution
		HideSolutionNode = FALSE
	EndGlobalSection
	GlobalSection(ExtensibilityGlobals) = postSolution
		SolutionGuid = {9DB315AD-A695-4B3E-8360-618A8FE3F4F1}
	EndGlobalSection
EndGlobal
