
Microsoft Visual Studio Solution File, Format Version 12.00
# Visual Studio 15
VisualStudioVersion = 15.0.28307.329
MinimumVisualStudioVersion = 10.0.40219.1
Project("{FAE04EC0-301F-11D3-BF4B-00C04F79EFBC}") = "CollectionsInCsharp", "CollectionsInCsharp\CollectionsInCsharp.csproj", "{934DF80D-58C6-4E57-900D-7A0BFB37349C}"
EndProject
Global
	GlobalSection(SolutionConfigurationPlatforms) = preSolution
		Debug|Any CPU = Debug|Any CPU
		Release|Any CPU = Release|Any CPU
	EndGlobalSection
	GlobalSection(ProjectConfigurationPlatforms) = postSolution
		{934DF80D-58C6-4E57-900D-7A0BFB37349C}.Debug|Any CPU.ActiveCfg = Debug|Any CPU
		{934DF80D-58C6-4E57-900D-7A0BFB37349C}.Debug|Any CPU.Build.0 = Debug|Any CPU
		{934DF80D-58C6-4E57-900D-7A0BFB37349C}.Release|Any CPU.ActiveCfg = Release|Any CPU
		{934DF80D-58C6-4E57-900D-7A0BFB37349C}.Release|Any CPU.Build.0 = Release|Any CPU
	EndGlobalSection
	GlobalSection(SolutionProperties) = preSolution
		HideSolutionNode = FALSE
	EndGlobalSection
	GlobalSection(ExtensibilityGlobals) = postSolution
		SolutionGuid = {4953FE76-D9C0-4246-953F-F25671DA6831}
	EndGlobalSection
EndGlobal
