
Microsoft Visual Studio Solution File, Format Version 12.00
# Visual Studio 15
VisualStudioVersion = 15.0.28307.329
MinimumVisualStudioVersion = 10.0.40219.1
Project("{FAE04EC0-301F-11D3-BF4B-00C04F79EFBC}") = "DelegatesInCsharp", "DelegatesInCsharp\DelegatesInCsharp.csproj", "{EEA9A93A-6479-4215-BBAC-46C021B7B14E}"
EndProject
Global
	GlobalSection(SolutionConfigurationPlatforms) = preSolution
		Debug|Any CPU = Debug|Any CPU
		Release|Any CPU = Release|Any CPU
	EndGlobalSection
	GlobalSection(ProjectConfigurationPlatforms) = postSolution
		{EEA9A93A-6479-4215-BBAC-46C021B7B14E}.Debug|Any CPU.ActiveCfg = Debug|Any CPU
		{EEA9A93A-6479-4215-BBAC-46C021B7B14E}.Debug|Any CPU.Build.0 = Debug|Any CPU
		{EEA9A93A-6479-4215-BBAC-46C021B7B14E}.Release|Any CPU.ActiveCfg = Release|Any CPU
		{EEA9A93A-6479-4215-BBAC-46C021B7B14E}.Release|Any CPU.Build.0 = Release|Any CPU
	EndGlobalSection
	GlobalSection(SolutionProperties) = preSolution
		HideSolutionNode = FALSE
	EndGlobalSection
	GlobalSection(ExtensibilityGlobals) = postSolution
		SolutionGuid = {333EECED-B783-4180-B1A2-28706ED728D5}
	EndGlobalSection
EndGlobal
